
Microsoft Visual Studio Solution File, Format Version 12.00
# Visual Studio Version 16
VisualStudioVersion = 16.0.31702.278
MinimumVisualStudioVersion = 10.0.40219.1
Project("{FAE04EC0-301F-11D3-BF4B-00C04F79EFBC}") = "WebApiVersionApp", "WebApiVersionApp\WebApiVersionApp.csproj", "{062EB8CB-CE6B-43B4-B5F9-165E82D5B2FC}"
EndProject
Global
	GlobalSection(SolutionConfigurationPlatforms) = preSolution
		Debug|Any CPU = Debug|Any CPU
		Release|Any CPU = Release|Any CPU
	EndGlobalSection
	GlobalSection(ProjectConfigurationPlatforms) = postSolution
		{062EB8CB-CE6B-43B4-B5F9-165E82D5B2FC}.Debug|Any CPU.ActiveCfg = Debug|Any CPU
		{062EB8CB-CE6B-43B4-B5F9-165E82D5B2FC}.Debug|Any CPU.Build.0 = Debug|Any CPU
		{062EB8CB-CE6B-43B4-B5F9-165E82D5B2FC}.Release|Any CPU.ActiveCfg = Release|Any CPU
		{062EB8CB-CE6B-43B4-B5F9-165E82D5B2FC}.Release|Any CPU.Build.0 = Release|Any CPU
	EndGlobalSection
	GlobalSection(SolutionProperties) = preSolution
		HideSolutionNode = FALSE
	EndGlobalSection
	GlobalSection(ExtensibilityGlobals) = postSolution
		SolutionGuid = {862E82AA-E031-428C-9DF6-75B87A327A00}
	EndGlobalSection
EndGlobal
